
Microsoft Visual Studio Solution File, Format Version 12.00
# Visual Studio Version 17
VisualStudioVersion = 17.4.33205.214
MinimumVisualStudioVersion = 10.0.40219.1
Project("{FAE04EC0-301F-11D3-BF4B-00C04F79EFBC}") = "DAMH_MuaBanVaSuaChuaDienThoai", "DAMH_MuaBanVaSuaChuaDienThoai.csproj", "{B32B3F53-F47D-4F60-977E-2EFE676ABC2B}"
EndProject
Global
	GlobalSection(SolutionConfigurationPlatforms) = preSolution
		Debug|Any CPU = Debug|Any CPU
		Release|Any CPU = Release|Any CPU
	EndGlobalSection
	GlobalSection(ProjectConfigurationPlatforms) = postSolution
		{B32B3F53-F47D-4F60-977E-2EFE676ABC2B}.Debug|Any CPU.ActiveCfg = Debug|Any CPU
		{B32B3F53-F47D-4F60-977E-2EFE676ABC2B}.Debug|Any CPU.Build.0 = Debug|Any CPU
		{B32B3F53-F47D-4F60-977E-2EFE676ABC2B}.Release|Any CPU.ActiveCfg = Release|Any CPU
		{B32B3F53-F47D-4F60-977E-2EFE676ABC2B}.Release|Any CPU.Build.0 = Release|Any CPU
	EndGlobalSection
	GlobalSection(SolutionProperties) = preSolution
		HideSolutionNode = FALSE
	EndGlobalSection
	GlobalSection(ExtensibilityGlobals) = postSolution
		SolutionGuid = {BC254918-0A59-42BA-8731-36FD9224E0F9}
	EndGlobalSection
EndGlobal
